// !$*UTF8*$!
{
	archiveVersion = 1;
	classes = {
	};
	objectVersion = 77;
	objects = {

/* Begin PBXBuildFile section */
		1A0000010000000000000001 /* LavaSecApp.swift in Sources */ = {isa = PBXBuildFile; fileRef = 1A0000010000000000001001 /* LavaSecApp.swift */; };
		1A0000010000000000000002 /* AppViewModel.swift in Sources */ = {isa = PBXBuildFile; fileRef = 1A0000010000000000001002 /* AppViewModel.swift */; };
		1A0000010000000000000011 /* AccountAuthService.swift in Sources */ = {isa = PBXBuildFile; fileRef = 1A0000010000000000001011 /* AccountAuthService.swift */; };
		1A0000010000000000000012 /* BackupKeychainStore.swift in Sources */ = {isa = PBXBuildFile; fileRef = 1A0000010000000000001012 /* BackupKeychainStore.swift */; };
		1A0000010000000000000013 /* BackupSyncService.swift in Sources */ = {isa = PBXBuildFile; fileRef = 1A0000010000000000001013 /* BackupSyncService.swift */; };
		1A0000010000000000000014 /* BackupSetupView.swift in Sources */ = {isa = PBXBuildFile; fileRef = 1A0000010000000000001014 /* BackupSetupView.swift */; };
		1A0000010000000000000015 /* BackupRestoreView.swift in Sources */ = {isa = PBXBuildFile; fileRef = 1A0000010000000000001015 /* BackupRestoreView.swift */; };
		1A000001000000000000001D /* BackupPasskeyCoordinator.swift in Sources */ = {isa = PBXBuildFile; fileRef = 1A000001000000000000101B /* BackupPasskeyCoordinator.swift */; };
		1A0000010000000000000016 /* AccountSessionKeychainStore.swift in Sources */ = {isa = PBXBuildFile; fileRef = 1A0000010000000000001016 /* AccountSessionKeychainStore.swift */; };
		1A0000010000000000000018 /* LavaStrings.swift in Sources */ = {isa = PBXBuildFile; fileRef = 1A0000010000000000001017 /* LavaStrings.swift */; };
		1A000001000000000000001B /* GoogleSignIn in Frameworks */ = {isa = PBXBuildFile; productRef = 1A0000010000000000007004 /* GoogleSignIn */; };
		1A000001000000000000001C /* OnboardingFlowView.swift in Sources */ = {isa = PBXBuildFile; fileRef = 1A000001000000000000101A /* OnboardingFlowView.swift */; };
		1A0000010000000000000003 /* RootView.swift in Sources */ = {isa = PBXBuildFile; fileRef = 1A0000010000000000001003 /* RootView.swift */; };
		1A0000010000000000000030 /* FilterPreparationPresentation.swift in Sources */ = {isa = PBXBuildFile; fileRef = 1A0000010000000000001030 /* FilterPreparationPresentation.swift */; };
		1A0000010000000000000029 /* LavaIcon.swift in Sources */ = {isa = PBXBuildFile; fileRef = 1A0000010000000000001029 /* LavaIcon.swift */; };
		1A0000010000000000000028 /* ProtectionPlatformSeams.swift in Sources */ = {isa = PBXBuildFile; fileRef = 1A0000010000000000001028 /* ProtectionPlatformSeams.swift */; };
		1A0000010000000000000027 /* ProtectionConnectivityPresentation.swift in Sources */ = {isa = PBXBuildFile; fileRef = 1A0000010000000000001027 /* ProtectionConnectivityPresentation.swift */; };
		1A0000010000000000000025 /* GuardView.swift in Sources */ = {isa = PBXBuildFile; fileRef = 1A0000010000000000001025 /* GuardView.swift */; };
		1A0000010000000000000026 /* DeveloperPreviewViews.swift in Sources */ = {isa = PBXBuildFile; fileRef = 1A0000010000000000001026 /* DeveloperPreviewViews.swift */; };
		1A0000010000000000000022 /* LavaTokens.swift in Sources */ = {isa = PBXBuildFile; fileRef = 1A0000010000000000001022 /* LavaTokens.swift */; };
		1A0000010000000000000023 /* LavaScaffold.swift in Sources */ = {isa = PBXBuildFile; fileRef = 1A0000010000000000001023 /* LavaScaffold.swift */; };
		1A00000100000000000000F2 /* LavaSelectableRow.swift in Sources */ = {isa = PBXBuildFile; fileRef = 1A00000100000000000010F2 /* LavaSelectableRow.swift */; };
		1A00000100000000000000F0 /* LavaConfirmationDialog.swift in Sources */ = {isa = PBXBuildFile; fileRef = 1A00000100000000000010F0 /* LavaConfirmationDialog.swift */; };
		1A0000010000000000000024 /* LavaComponents.swift in Sources */ = {isa = PBXBuildFile; fileRef = 1A0000010000000000001024 /* LavaComponents.swift */; };
		1A0000010000000000000010 /* LavaCondensedList.swift in Sources */ = {isa = PBXBuildFile; fileRef = 1A0000010000000000001010 /* LavaCondensedList.swift */; };
		1A0000010000000000000004 /* FiltersView.swift in Sources */ = {isa = PBXBuildFile; fileRef = 1A0000010000000000001004 /* FiltersView.swift */; };
		1A0000080000000000003001 /* LavaSecIntents.appex in Embed ExtensionKit Extensions */ = {isa = PBXBuildFile; fileRef = 1A0000080000000000005001 /* LavaSecIntents.appex */; settings = {ATTRIBUTES = (RemoveHeadersOnCopy, ); }; };
		1A0000080000000000001101 /* LavaSecIntentsExtension.swift in Sources */ = {isa = PBXBuildFile; fileRef = 1A0000080000000000001001 /* LavaSecIntentsExtension.swift */; };
		1A0000080000000000001102 /* FocusFilterIntent.swift in Sources */ = {isa = PBXBuildFile; fileRef = 1A0000010000000000001FFF /* FocusFilterIntent.swift */; };
		1A0000080000000000001103 /* AppGroup.swift in Sources */ = {isa = PBXBuildFile; fileRef = 1A0000010000000000002001 /* AppGroup.swift */; };
		1A0000080000000000001104 /* FocusSwitchEnvironment.swift in Sources */ = {isa = PBXBuildFile; fileRef = 1A0000080000000000002001 /* FocusSwitchEnvironment.swift */; };
		1A0000080000000000001105 /* LavaSecCore in Frameworks */ = {isa = PBXBuildFile; productRef = 1A0000080000000000007008 /* LavaSecCore */; };
		1A00000100000000000000D0 /* ShareableFiltersUI.swift in Sources */ = {isa = PBXBuildFile; fileRef = 1A00000100000000000010D0 /* ShareableFiltersUI.swift */; };
		1A000001000000000000001F /* FilterReviewFlowView.swift in Sources */ = {isa = PBXBuildFile; fileRef = 1A000001000000000000101D /* FilterReviewFlowView.swift */; };
		1A0000010000000000000020 /* SecurityController.swift in Sources */ = {isa = PBXBuildFile; fileRef = 1A0000010000000000001020 /* SecurityController.swift */; };
		1A00000100000000000000A1 /* TemporaryProtectionPauseController.swift in Sources */ = {isa = PBXBuildFile; fileRef = 1A00000100000000000010A1 /* TemporaryProtectionPauseController.swift */; };
		1A0000010000000000000021 /* LavaSecurityPlusStore.swift in Sources */ = {isa = PBXBuildFile; fileRef = 1A0000010000000000001021 /* LavaSecurityPlusStore.swift */; };
		1A000003000000000000000D /* LavaLiveActivityController.swift in Sources */ = {isa = PBXBuildFile; fileRef = 1A0000030000000000001004 /* LavaLiveActivityController.swift */; };
		1A00000300000000000000F1 /* DarwinNotificationObserver.swift in Sources */ = {isa = PBXBuildFile; fileRef = 1A00000300000000000010F1 /* DarwinNotificationObserver.swift */; };
		1A0000010000000000000005 /* DiagnosticsView.swift in Sources */ = {isa = PBXBuildFile; fileRef = 1A0000010000000000001005 /* DiagnosticsView.swift */; };
		1A0000010000000000000006 /* SettingsView.swift in Sources */ = {isa = PBXBuildFile; fileRef = 1A0000010000000000001006 /* SettingsView.swift */; };
		1A0000010000000000000007 /* AppGroup.swift in Sources */ = {isa = PBXBuildFile; fileRef = 1A0000010000000000002001 /* AppGroup.swift */; };
		1A0000080000000000000001 /* FocusSwitchEnvironment.swift in Sources */ = {isa = PBXBuildFile; fileRef = 1A0000080000000000002001 /* FocusSwitchEnvironment.swift */; };
		1A0000030000000000000005 /* SoftShieldGuardian.swift in Sources */ = {isa = PBXBuildFile; fileRef = 1A0000030000000000002002 /* SoftShieldGuardian.swift */; };
		1A0000030000000000000007 /* LavaActivityAttributes.swift in Sources */ = {isa = PBXBuildFile; fileRef = 1A0000030000000000002003 /* LavaActivityAttributes.swift */; };
		1A0000030000000000000009 /* LavaLiveActivityActionRequest.swift in Sources */ = {isa = PBXBuildFile; fileRef = 1A0000030000000000002004 /* LavaLiveActivityActionRequest.swift */; };
		1A000003000000000000000B /* LavaLiveActivityIntents.swift in Sources */ = {isa = PBXBuildFile; fileRef = 1A0000030000000000002005 /* LavaLiveActivityIntents.swift */; };
		1A0000040000000000000001 /* LavaProtectionCommandService.swift in Sources */ = {isa = PBXBuildFile; fileRef = 1A0000040000000000002001 /* LavaProtectionCommandService.swift */; };
		1A000001000000000000000E /* AdminQAView.swift in Sources */ = {isa = PBXBuildFile; fileRef = 1A0000010000000000001009 /* AdminQAView.swift */; };
		1A000001000000000000000F /* RageShakeDetector.swift in Sources */ = {isa = PBXBuildFile; fileRef = 1A000001000000000000100A /* RageShakeDetector.swift */; };
		1A0000010000000000000008 /* PacketTunnelProvider.swift in Sources */ = {isa = PBXBuildFile; fileRef = 1A0000010000000000003001 /* PacketTunnelProvider.swift */; };
		1A0000010000000000000009 /* AppGroup.swift in Sources */ = {isa = PBXBuildFile; fileRef = 1A0000010000000000002001 /* AppGroup.swift */; };
		1A0000010000000000000017 /* DeviceDNSResolver.c in Sources */ = {isa = PBXBuildFile; fileRef = 1A0000010000000000003004 /* DeviceDNSResolver.c */; };
		1A0000050000000000000001 /* LavaActivityAttributes.swift in Sources */ = {isa = PBXBuildFile; fileRef = 1A0000030000000000002003 /* LavaActivityAttributes.swift */; };
		1A000001000000000000000A /* LavaSecTunnel.appex in Embed App Extensions */ = {isa = PBXBuildFile; fileRef = 1A0000010000000000005002 /* LavaSecTunnel.appex */; settings = {ATTRIBUTES = (RemoveHeadersOnCopy, ); }; };
		1A0000030000000000000002 /* LavaSecWidget.appex in Embed App Extensions */ = {isa = PBXBuildFile; fileRef = 1A0000030000000000005001 /* LavaSecWidget.appex */; settings = {ATTRIBUTES = (RemoveHeadersOnCopy, ); }; };
		1A000001000000000000000B /* LavaSecCore in Frameworks */ = {isa = PBXBuildFile; productRef = 1A0000010000000000007002 /* LavaSecCore */; };
		1A000001000000000000000C /* LavaSecCore in Frameworks */ = {isa = PBXBuildFile; productRef = 1A0000010000000000007003 /* LavaSecCore */; };
		1A0000030000000000000003 /* LavaSecCore in Frameworks */ = {isa = PBXBuildFile; productRef = 1A0000030000000000007007 /* LavaSecCore */; };
		1A000001000000000000000D /* Assets.xcassets in Resources */ = {isa = PBXBuildFile; fileRef = 1A0000010000000000001008 /* Assets.xcassets */; };
		1A0000060000000000000001 /* AppIcon.icon in Resources */ = {isa = PBXBuildFile; fileRef = 1A0000060000000000001001 /* AppIcon.icon */; };
		1A0000060000000000000002 /* AppIconFireOpal.icon in Resources */ = {isa = PBXBuildFile; fileRef = 1A0000060000000000001002 /* AppIconFireOpal.icon */; };
		1A0000060000000000000003 /* AppIconAmethyst.icon in Resources */ = {isa = PBXBuildFile; fileRef = 1A0000060000000000001003 /* AppIconAmethyst.icon */; };
		1A0000060000000000000004 /* AppIconObsidian.icon in Resources */ = {isa = PBXBuildFile; fileRef = 1A0000060000000000001004 /* AppIconObsidian.icon */; };
		1A0000060000000000000005 /* AppIconCherryQuartz.icon in Resources */ = {isa = PBXBuildFile; fileRef = 1A0000060000000000001005 /* AppIconCherryQuartz.icon */; };
		1A0000060000000000000006 /* AppIconEmerald.icon in Resources */ = {isa = PBXBuildFile; fileRef = 1A0000060000000000001006 /* AppIconEmerald.icon */; };
		1A0000060000000000000007 /* AppIconKiwiCreme.icon in Resources */ = {isa = PBXBuildFile; fileRef = 1A0000060000000000001007 /* AppIconKiwiCreme.icon */; };
		1A0000030000000000000001 /* LavaSecWidget.swift in Sources */ = {isa = PBXBuildFile; fileRef = 1A0000030000000000001001 /* LavaSecWidget.swift */; };
		1A0000030000000000000004 /* AppGroup.swift in Sources */ = {isa = PBXBuildFile; fileRef = 1A0000010000000000002001 /* AppGroup.swift */; };
		1A0000030000000000000006 /* SoftShieldGuardian.swift in Sources */ = {isa = PBXBuildFile; fileRef = 1A0000030000000000002002 /* SoftShieldGuardian.swift */; };
		1A0000030000000000000008 /* LavaActivityAttributes.swift in Sources */ = {isa = PBXBuildFile; fileRef = 1A0000030000000000002003 /* LavaActivityAttributes.swift */; };
		1A000003000000000000000A /* LavaLiveActivityActionRequest.swift in Sources */ = {isa = PBXBuildFile; fileRef = 1A0000030000000000002004 /* LavaLiveActivityActionRequest.swift */; };
		1A000003000000000000000C /* LavaLiveActivityIntents.swift in Sources */ = {isa = PBXBuildFile; fileRef = 1A0000030000000000002005 /* LavaLiveActivityIntents.swift */; };
		1A0000040000000000000002 /* LavaProtectionCommandService.swift in Sources */ = {isa = PBXBuildFile; fileRef = 1A0000040000000000002001 /* LavaProtectionCommandService.swift */; };
			1A0000010000000000000019 /* Localizable.xcstrings in Resources */ = {isa = PBXBuildFile; fileRef = 1A0000010000000000001018 /* Localizable.xcstrings */; };
		1A0000080000000000000019 /* Localizable.xcstrings in Resources */ = {isa = PBXBuildFile; fileRef = 1A0000080000000000001018 /* Localizable.xcstrings */; };
			1A000001000000000000001A /* InfoPlist.xcstrings in Resources */ = {isa = PBXBuildFile; fileRef = 1A0000010000000000001019 /* InfoPlist.xcstrings */; };
			1A0000020000000000000001 /* SecuritySettingsUITests.swift in Sources */ = {isa = PBXBuildFile; fileRef = 1A0000020000000000001001 /* SecuritySettingsUITests.swift */; };
			1A0000020000000000000002 /* CoreFlowDeviceTests.swift in Sources */ = {isa = PBXBuildFile; fileRef = 1A0000020000000000001002 /* CoreFlowDeviceTests.swift */; };
			1A0000020000000000000003 /* LavaSecCore in Frameworks */ = {isa = PBXBuildFile; productRef = 1A0000020000000000007006 /* LavaSecCore */; };
/* End PBXBuildFile section */

/* Begin PBXContainerItemProxy section */
		1A0000010000000000006001 /* PBXContainerItemProxy */ = {
			isa = PBXContainerItemProxy;
			containerPortal = 1A0000010000000000009001 /* Project object */;
			proxyType = 1;
			remoteGlobalIDString = 1A0000010000000000008002;
			remoteInfo = LavaSecTunnel;
		};
		1A0000030000000000006003 /* PBXContainerItemProxy */ = {
			isa = PBXContainerItemProxy;
			containerPortal = 1A0000010000000000009001 /* Project object */;
			proxyType = 1;
			remoteGlobalIDString = 1A0000030000000000008003;
			remoteInfo = LavaSecWidget;
		};
		1A0000020000000000006001 /* PBXContainerItemProxy */ = {
			isa = PBXContainerItemProxy;
			containerPortal = 1A0000010000000000009001 /* Project object */;
			proxyType = 1;
			remoteGlobalIDString = 1A0000010000000000008001;
			remoteInfo = LavaSec;
		};
		1A0000080000000000006001 /* PBXContainerItemProxy */ = {
			isa = PBXContainerItemProxy;
			containerPortal = 1A0000010000000000009001 /* Project object */;
			proxyType = 1;
			remoteGlobalIDString = 1A0000080000000000008001;
			remoteInfo = LavaSecIntents;
		};
/* End PBXContainerItemProxy section */

/* Begin PBXCopyFilesBuildPhase section */
		1A0000010000000000004004 /* Embed App Extensions */ = {
			isa = PBXCopyFilesBuildPhase;
			buildActionMask = 2147483647;
			dstPath = "";
			dstSubfolderSpec = 13;
			files = (
				1A000001000000000000000A /* LavaSecTunnel.appex in Embed App Extensions */,
				1A0000030000000000000002 /* LavaSecWidget.appex in Embed App Extensions */,
			);
			name = "Embed App Extensions";
			runOnlyForDeploymentPostprocessing = 0;
		};
		1A0000080000000000004004 /* Embed ExtensionKit Extensions */ = {
			isa = PBXCopyFilesBuildPhase;
			buildActionMask = 2147483647;
			dstPath = "$(EXTENSIONS_FOLDER_PATH)";
			dstSubfolderSpec = 16;
			files = (
				1A0000080000000000003001 /* LavaSecIntents.appex in Embed ExtensionKit Extensions */,
			);
			name = "Embed ExtensionKit Extensions";
			runOnlyForDeploymentPostprocessing = 0;
		};
/* End PBXCopyFilesBuildPhase section */

/* Begin PBXFileReference section */
		1ACF160000000000000F0101 /* Lava.xcconfig */ = {isa = PBXFileReference; lastKnownFileType = text.xcconfig; path = Lava.xcconfig; sourceTree = "<group>"; };
		1ACF160000000000000F0102 /* Lava.QA.xcconfig */ = {isa = PBXFileReference; lastKnownFileType = text.xcconfig; path = Lava.QA.xcconfig; sourceTree = "<group>"; };
		1A0000010000000000001001 /* LavaSecApp.swift */ = {isa = PBXFileReference; lastKnownFileType = sourcecode.swift; path = LavaSecApp.swift; sourceTree = "<group>"; };
		1A0000010000000000001002 /* AppViewModel.swift */ = {isa = PBXFileReference; lastKnownFileType = sourcecode.swift; path = AppViewModel.swift; sourceTree = "<group>"; };
		1A0000010000000000001011 /* AccountAuthService.swift */ = {isa = PBXFileReference; lastKnownFileType = sourcecode.swift; path = AccountAuthService.swift; sourceTree = "<group>"; };
		1A0000010000000000001012 /* BackupKeychainStore.swift */ = {isa = PBXFileReference; lastKnownFileType = sourcecode.swift; path = BackupKeychainStore.swift; sourceTree = "<group>"; };
		1A0000010000000000001013 /* BackupSyncService.swift */ = {isa = PBXFileReference; lastKnownFileType = sourcecode.swift; path = BackupSyncService.swift; sourceTree = "<group>"; };
		1A0000010000000000001014 /* BackupSetupView.swift */ = {isa = PBXFileReference; lastKnownFileType = sourcecode.swift; path = BackupSetupView.swift; sourceTree = "<group>"; };
		1A0000010000000000001015 /* BackupRestoreView.swift */ = {isa = PBXFileReference; lastKnownFileType = sourcecode.swift; path = BackupRestoreView.swift; sourceTree = "<group>"; };
		1A000001000000000000101B /* BackupPasskeyCoordinator.swift */ = {isa = PBXFileReference; lastKnownFileType = sourcecode.swift; path = BackupPasskeyCoordinator.swift; sourceTree = "<group>"; };
		1A0000010000000000001016 /* AccountSessionKeychainStore.swift */ = {isa = PBXFileReference; lastKnownFileType = sourcecode.swift; path = AccountSessionKeychainStore.swift; sourceTree = "<group>"; };
		1A0000010000000000001017 /* LavaStrings.swift */ = {isa = PBXFileReference; lastKnownFileType = sourcecode.swift; path = LavaStrings.swift; sourceTree = "<group>"; };
		1A000001000000000000101A /* OnboardingFlowView.swift */ = {isa = PBXFileReference; lastKnownFileType = sourcecode.swift; path = OnboardingFlowView.swift; sourceTree = "<group>"; };
		1A0000010000000000001003 /* RootView.swift */ = {isa = PBXFileReference; lastKnownFileType = sourcecode.swift; path = RootView.swift; sourceTree = "<group>"; };
		1A0000010000000000001030 /* FilterPreparationPresentation.swift */ = {isa = PBXFileReference; lastKnownFileType = sourcecode.swift; path = FilterPreparationPresentation.swift; sourceTree = "<group>"; };
		1A0000010000000000001029 /* LavaIcon.swift */ = {isa = PBXFileReference; lastKnownFileType = sourcecode.swift; path = LavaDesignSystem/LavaIcon.swift; sourceTree = "<group>"; };
		1A0000010000000000001028 /* ProtectionPlatformSeams.swift */ = {isa = PBXFileReference; lastKnownFileType = sourcecode.swift; path = ProtectionPlatformSeams.swift; sourceTree = "<group>"; };
		1A0000010000000000001027 /* ProtectionConnectivityPresentation.swift */ = {isa = PBXFileReference; lastKnownFileType = sourcecode.swift; path = ProtectionConnectivityPresentation.swift; sourceTree = "<group>"; };
		1A0000010000000000001025 /* GuardView.swift */ = {isa = PBXFileReference; lastKnownFileType = sourcecode.swift; path = GuardView.swift; sourceTree = "<group>"; };
		1A0000010000000000001026 /* DeveloperPreviewViews.swift */ = {isa = PBXFileReference; lastKnownFileType = sourcecode.swift; path = DeveloperPreviewViews.swift; sourceTree = "<group>"; };
		1A0000010000000000001022 /* LavaTokens.swift */ = {isa = PBXFileReference; lastKnownFileType = sourcecode.swift; path = LavaDesignSystem/LavaTokens.swift; sourceTree = "<group>"; };
		1A0000010000000000001023 /* LavaScaffold.swift */ = {isa = PBXFileReference; lastKnownFileType = sourcecode.swift; path = LavaDesignSystem/LavaScaffold.swift; sourceTree = "<group>"; };
		1A00000100000000000010F2 /* LavaSelectableRow.swift */ = {isa = PBXFileReference; lastKnownFileType = sourcecode.swift; path = LavaDesignSystem/LavaSelectableRow.swift; sourceTree = "<group>"; };
		1A00000100000000000010F0 /* LavaConfirmationDialog.swift */ = {isa = PBXFileReference; lastKnownFileType = sourcecode.swift; path = LavaDesignSystem/LavaConfirmationDialog.swift; sourceTree = "<group>"; };
		1A0000010000000000001024 /* LavaComponents.swift */ = {isa = PBXFileReference; lastKnownFileType = sourcecode.swift; path = LavaDesignSystem/LavaComponents.swift; sourceTree = "<group>"; };
		1A0000010000000000001010 /* LavaCondensedList.swift */ = {isa = PBXFileReference; lastKnownFileType = sourcecode.swift; path = LavaCondensedList.swift; sourceTree = "<group>"; };
		1A0000010000000000001004 /* FiltersView.swift */ = {isa = PBXFileReference; lastKnownFileType = sourcecode.swift; path = FiltersView.swift; sourceTree = "<group>"; };
		1A0000010000000000001FFF /* FocusFilterIntent.swift */ = {isa = PBXFileReference; lastKnownFileType = sourcecode.swift; path = FocusFilterIntent.swift; sourceTree = "<group>"; };
		1A00000100000000000010D0 /* ShareableFiltersUI.swift */ = {isa = PBXFileReference; lastKnownFileType = sourcecode.swift; path = ShareableFiltersUI.swift; sourceTree = "<group>"; };
		1A000001000000000000101D /* FilterReviewFlowView.swift */ = {isa = PBXFileReference; lastKnownFileType = sourcecode.swift; path = FilterReviewFlowView.swift; sourceTree = "<group>"; };
		1A0000010000000000001020 /* SecurityController.swift */ = {isa = PBXFileReference; lastKnownFileType = sourcecode.swift; path = SecurityController.swift; sourceTree = "<group>"; };
		1A00000100000000000010A1 /* TemporaryProtectionPauseController.swift */ = {isa = PBXFileReference; lastKnownFileType = sourcecode.swift; path = TemporaryProtectionPauseController.swift; sourceTree = "<group>"; };
		1A0000010000000000001021 /* LavaSecurityPlusStore.swift */ = {isa = PBXFileReference; lastKnownFileType = sourcecode.swift; path = LavaSecurityPlusStore.swift; sourceTree = "<group>"; };
		1A0000030000000000001004 /* LavaLiveActivityController.swift */ = {isa = PBXFileReference; lastKnownFileType = sourcecode.swift; path = LavaLiveActivityController.swift; sourceTree = "<group>"; };
		1A00000300000000000010F1 /* DarwinNotificationObserver.swift */ = {isa = PBXFileReference; lastKnownFileType = sourcecode.swift; path = DarwinNotificationObserver.swift; sourceTree = "<group>"; };
		1A0000010000000000001005 /* DiagnosticsView.swift */ = {isa = PBXFileReference; lastKnownFileType = sourcecode.swift; path = DiagnosticsView.swift; sourceTree = "<group>"; };
		1A0000010000000000001006 /* SettingsView.swift */ = {isa = PBXFileReference; lastKnownFileType = sourcecode.swift; path = SettingsView.swift; sourceTree = "<group>"; };
		1A0000010000000000001007 /* LavaSecApp.entitlements */ = {isa = PBXFileReference; lastKnownFileType = text.plist.entitlements; path = LavaSecApp.entitlements; sourceTree = "<group>"; };
		1A0000010000000000001008 /* Assets.xcassets */ = {isa = PBXFileReference; lastKnownFileType = folder.assetcatalog; path = Assets.xcassets; sourceTree = "<group>"; };
		1A0000060000000000001001 /* AppIcon.icon */ = {isa = PBXFileReference; lastKnownFileType = folder.iconcomposer.icon; path = AppIcon.icon; sourceTree = "<group>"; };
		1A0000060000000000001002 /* AppIconFireOpal.icon */ = {isa = PBXFileReference; lastKnownFileType = folder.iconcomposer.icon; path = AppIconFireOpal.icon; sourceTree = "<group>"; };
		1A0000060000000000001003 /* AppIconAmethyst.icon */ = {isa = PBXFileReference; lastKnownFileType = folder.iconcomposer.icon; path = AppIconAmethyst.icon; sourceTree = "<group>"; };
		1A0000060000000000001004 /* AppIconObsidian.icon */ = {isa = PBXFileReference; lastKnownFileType = folder.iconcomposer.icon; path = AppIconObsidian.icon; sourceTree = "<group>"; };
		1A0000060000000000001005 /* AppIconCherryQuartz.icon */ = {isa = PBXFileReference; lastKnownFileType = folder.iconcomposer.icon; path = AppIconCherryQuartz.icon; sourceTree = "<group>"; };
		1A0000060000000000001006 /* AppIconEmerald.icon */ = {isa = PBXFileReference; lastKnownFileType = folder.iconcomposer.icon; path = AppIconEmerald.icon; sourceTree = "<group>"; };
		1A0000060000000000001007 /* AppIconKiwiCreme.icon */ = {isa = PBXFileReference; lastKnownFileType = folder.iconcomposer.icon; path = AppIconKiwiCreme.icon; sourceTree = "<group>"; };
		1A0000010000000000001018 /* Localizable.xcstrings */ = {isa = PBXFileReference; lastKnownFileType = text.json.xcstrings; path = Localizable.xcstrings; sourceTree = "<group>"; };
		1A0000080000000000001018 /* Localizable.xcstrings */ = {isa = PBXFileReference; lastKnownFileType = text.json.xcstrings; path = Localizable.xcstrings; sourceTree = "<group>"; };
		1A0000010000000000001019 /* InfoPlist.xcstrings */ = {isa = PBXFileReference; lastKnownFileType = text.json.xcstrings; path = InfoPlist.xcstrings; sourceTree = "<group>"; };
		1A0000010000000000001009 /* AdminQAView.swift */ = {isa = PBXFileReference; lastKnownFileType = sourcecode.swift; path = AdminQAView.swift; sourceTree = "<group>"; };
		1A000001000000000000100A /* RageShakeDetector.swift */ = {isa = PBXFileReference; lastKnownFileType = sourcecode.swift; path = RageShakeDetector.swift; sourceTree = "<group>"; };
		1A0000010000000000002001 /* AppGroup.swift */ = {isa = PBXFileReference; lastKnownFileType = sourcecode.swift; path = AppGroup.swift; sourceTree = "<group>"; };
		1A0000080000000000002001 /* FocusSwitchEnvironment.swift */ = {isa = PBXFileReference; lastKnownFileType = sourcecode.swift; path = FocusSwitchEnvironment.swift; sourceTree = "<group>"; };
		1A0000030000000000002002 /* SoftShieldGuardian.swift */ = {isa = PBXFileReference; lastKnownFileType = sourcecode.swift; path = SoftShieldGuardian.swift; sourceTree = "<group>"; };
		1A0000030000000000002003 /* LavaActivityAttributes.swift */ = {isa = PBXFileReference; lastKnownFileType = sourcecode.swift; path = LavaActivityAttributes.swift; sourceTree = "<group>"; };
		1A0000030000000000002004 /* LavaLiveActivityActionRequest.swift */ = {isa = PBXFileReference; lastKnownFileType = sourcecode.swift; path = LavaLiveActivityActionRequest.swift; sourceTree = "<group>"; };
		1A0000030000000000002005 /* LavaLiveActivityIntents.swift */ = {isa = PBXFileReference; lastKnownFileType = sourcecode.swift; path = LavaLiveActivityIntents.swift; sourceTree = "<group>"; };
		1A0000040000000000002001 /* LavaProtectionCommandService.swift */ = {isa = PBXFileReference; lastKnownFileType = sourcecode.swift; path = LavaProtectionCommandService.swift; sourceTree = "<group>"; };
		1A0000010000000000003001 /* PacketTunnelProvider.swift */ = {isa = PBXFileReference; lastKnownFileType = sourcecode.swift; path = PacketTunnelProvider.swift; sourceTree = "<group>"; };
		1A0000010000000000003002 /* Info.plist */ = {isa = PBXFileReference; lastKnownFileType = text.plist.xml; path = Info.plist; sourceTree = "<group>"; };
		1A0000010000000000003003 /* LavaSecTunnel.entitlements */ = {isa = PBXFileReference; lastKnownFileType = text.plist.entitlements; path = LavaSecTunnel.entitlements; sourceTree = "<group>"; };
			1A0000010000000000003004 /* DeviceDNSResolver.c */ = {isa = PBXFileReference; lastKnownFileType = sourcecode.c.c; path = DeviceDNSResolver.c; sourceTree = "<group>"; };
			1A0000010000000000005001 /* LavaSec.app */ = {isa = PBXFileReference; explicitFileType = wrapper.application; includeInIndex = 0; path = LavaSec.app; sourceTree = BUILT_PRODUCTS_DIR; };
			1A0000010000000000005002 /* LavaSecTunnel.appex */ = {isa = PBXFileReference; explicitFileType = "wrapper.app-extension"; includeInIndex = 0; path = LavaSecTunnel.appex; sourceTree = BUILT_PRODUCTS_DIR; };
			1A0000030000000000005001 /* LavaSecWidget.appex */ = {isa = PBXFileReference; explicitFileType = "wrapper.app-extension"; includeInIndex = 0; path = LavaSecWidget.appex; sourceTree = BUILT_PRODUCTS_DIR; };
			1A0000030000000000001001 /* LavaSecWidget.swift */ = {isa = PBXFileReference; lastKnownFileType = sourcecode.swift; path = LavaSecWidget.swift; sourceTree = "<group>"; };
			1A0000030000000000001002 /* Info.plist */ = {isa = PBXFileReference; lastKnownFileType = text.plist.xml; path = Info.plist; sourceTree = "<group>"; };
			1A0000030000000000001003 /* LavaSecWidget.entitlements */ = {isa = PBXFileReference; lastKnownFileType = text.plist.entitlements; path = LavaSecWidget.entitlements; sourceTree = "<group>"; };
			1A0000020000000000001001 /* SecuritySettingsUITests.swift */ = {isa = PBXFileReference; lastKnownFileType = sourcecode.swift; path = SecuritySettingsUITests.swift; sourceTree = "<group>"; };
			1A0000020000000000001002 /* CoreFlowDeviceTests.swift */ = {isa = PBXFileReference; lastKnownFileType = sourcecode.swift; path = CoreFlowDeviceTests.swift; sourceTree = "<group>"; };
			1A0000020000000000005001 /* LavaSecUITests.xctest */ = {isa = PBXFileReference; explicitFileType = wrapper.cfbundle; includeInIndex = 0; path = LavaSecUITests.xctest; sourceTree = BUILT_PRODUCTS_DIR; };
		1A0000080000000000005001 /* LavaSecIntents.appex */ = {isa = PBXFileReference; explicitFileType = "wrapper.extensionkit-extension"; includeInIndex = 0; path = LavaSecIntents.appex; sourceTree = BUILT_PRODUCTS_DIR; };
		1A0000080000000000001001 /* LavaSecIntentsExtension.swift */ = {isa = PBXFileReference; lastKnownFileType = sourcecode.swift; path = LavaSecIntentsExtension.swift; sourceTree = "<group>"; };
		1A0000080000000000002002 /* Info.plist */ = {isa = PBXFileReference; lastKnownFileType = text.plist.xml; path = Info.plist; sourceTree = "<group>"; };
		1A0000080000000000002003 /* LavaSecIntents.entitlements */ = {isa = PBXFileReference; lastKnownFileType = text.plist.entitlements; path = LavaSecIntents.entitlements; sourceTree = "<group>"; };
/* End PBXFileReference section */

/* Begin PBXFrameworksBuildPhase section */
		1A0000010000000000004002 /* Frameworks */ = {
			isa = PBXFrameworksBuildPhase;
			buildActionMask = 2147483647;
			files = (
				1A000001000000000000001B /* GoogleSignIn in Frameworks */,
				1A000001000000000000000B /* LavaSecCore in Frameworks */,
			);
			runOnlyForDeploymentPostprocessing = 0;
		};
		1A0000010000000000004012 /* Frameworks */ = {
			isa = PBXFrameworksBuildPhase;
			buildActionMask = 2147483647;
			files = (
				1A000001000000000000000C /* LavaSecCore in Frameworks */,
			);
			runOnlyForDeploymentPostprocessing = 0;
		};
		1A0000030000000000004022 /* Frameworks */ = {
			isa = PBXFrameworksBuildPhase;
			buildActionMask = 2147483647;
			files = (
				1A0000030000000000000003 /* LavaSecCore in Frameworks */,
			);
			runOnlyForDeploymentPostprocessing = 0;
		};
			1A0000020000000000004002 /* Frameworks */ = {
				isa = PBXFrameworksBuildPhase;
				buildActionMask = 2147483647;
				files = (
					1A0000020000000000000003 /* LavaSecCore in Frameworks */,
				);
				runOnlyForDeploymentPostprocessing = 0;
			};
		1A0000080000000000004002 /* Frameworks */ = {
			isa = PBXFrameworksBuildPhase;
			buildActionMask = 2147483647;
			files = (
				1A0000080000000000001105 /* LavaSecCore in Frameworks */,
			);
			runOnlyForDeploymentPostprocessing = 0;
		};
/* End PBXFrameworksBuildPhase section */

/* Begin PBXGroup section */
		1ACF160000000000000F0100 /* Config */ = {
			isa = PBXGroup;
			children = (
				1ACF160000000000000F0101 /* Lava.xcconfig */,
				1ACF160000000000000F0102 /* Lava.QA.xcconfig */,
			);
			path = Config;
			sourceTree = "<group>";
		};
		1A0000010000000000009002 = {
			isa = PBXGroup;
			children = (
				1ACF160000000000000F0100 /* Config */,
				1A0000010000000000009003 /* LavaSecApp */,
				1A0000010000000000009004 /* LavaSecTunnel */,
				1A0000030000000000009007 /* LavaSecWidget */,
				1A0000080000000000009008 /* LavaSecIntents */,
				1A0000010000000000009005 /* Shared */,
				1A0000020000000000009001 /* LavaSecUITests */,
				1A0000010000000000009006 /* Products */,
			);
			sourceTree = "<group>";
		};
		1A0000010000000000009003 /* LavaSecApp */ = {
			isa = PBXGroup;
			children = (
				1A0000010000000000001001 /* LavaSecApp.swift */,
				1A0000010000000000001002 /* AppViewModel.swift */,
				1A0000010000000000001011 /* AccountAuthService.swift */,
				1A0000010000000000001012 /* BackupKeychainStore.swift */,
				1A0000010000000000001013 /* BackupSyncService.swift */,
				1A0000010000000000001014 /* BackupSetupView.swift */,
				1A0000010000000000001015 /* BackupRestoreView.swift */,
				1A000001000000000000101B /* BackupPasskeyCoordinator.swift */,
				1A0000010000000000001016 /* AccountSessionKeychainStore.swift */,
				1A0000010000000000001017 /* LavaStrings.swift */,
				1A000001000000000000101A /* OnboardingFlowView.swift */,
				1A0000010000000000001003 /* RootView.swift */,
				1A0000010000000000001030 /* FilterPreparationPresentation.swift */,
				1A0000010000000000001029 /* LavaIcon.swift */,
				1A0000010000000000001028 /* ProtectionPlatformSeams.swift */,
				1A0000010000000000001027 /* ProtectionConnectivityPresentation.swift */,
				1A0000010000000000001025 /* GuardView.swift */,
				1A0000010000000000001026 /* DeveloperPreviewViews.swift */,
				1A0000010000000000001022 /* LavaTokens.swift */,
				1A0000010000000000001023 /* LavaScaffold.swift */,
				1A00000100000000000010F2 /* LavaSelectableRow.swift */,
				1A00000100000000000010F0 /* LavaConfirmationDialog.swift */,
				1A0000010000000000001024 /* LavaComponents.swift */,
				1A0000010000000000001010 /* LavaCondensedList.swift */,
				1A0000010000000000001004 /* FiltersView.swift */,
				1A00000100000000000010D0 /* ShareableFiltersUI.swift */,
				1A000001000000000000101D /* FilterReviewFlowView.swift */,
				1A0000010000000000001020 /* SecurityController.swift */,
				1A00000100000000000010A1 /* TemporaryProtectionPauseController.swift */,
				1A0000010000000000001021 /* LavaSecurityPlusStore.swift */,
				1A0000030000000000001004 /* LavaLiveActivityController.swift */,
				1A00000300000000000010F1 /* DarwinNotificationObserver.swift */,
				1A0000010000000000001005 /* DiagnosticsView.swift */,
				1A0000010000000000001006 /* SettingsView.swift */,
				1A0000010000000000001009 /* AdminQAView.swift */,
				1A000001000000000000100A /* RageShakeDetector.swift */,
				1A0000010000000000001007 /* LavaSecApp.entitlements */,
				1A0000010000000000001018 /* Localizable.xcstrings */,
				1A0000010000000000001019 /* InfoPlist.xcstrings */,
				1A0000010000000000001008 /* Assets.xcassets */,
				1A0000060000000000001001 /* AppIcon.icon */,
				1A0000060000000000001002 /* AppIconFireOpal.icon */,
				1A0000060000000000001003 /* AppIconAmethyst.icon */,
				1A0000060000000000001004 /* AppIconObsidian.icon */,
				1A0000060000000000001005 /* AppIconCherryQuartz.icon */,
				1A0000060000000000001006 /* AppIconEmerald.icon */,
				1A0000060000000000001007 /* AppIconKiwiCreme.icon */,
			);
			path = LavaSecApp;
			sourceTree = "<group>";
		};
		1A0000010000000000009004 /* LavaSecTunnel */ = {
			isa = PBXGroup;
			children = (
				1A0000010000000000003001 /* PacketTunnelProvider.swift */,
				1A0000010000000000003004 /* DeviceDNSResolver.c */,
				1A0000010000000000003002 /* Info.plist */,
				1A0000010000000000003003 /* LavaSecTunnel.entitlements */,
			);
			path = LavaSecTunnel;
			sourceTree = "<group>";
		};
		1A0000010000000000009005 /* Shared */ = {
			isa = PBXGroup;
			children = (
				1A0000010000000000002001 /* AppGroup.swift */,
				1A0000030000000000002002 /* SoftShieldGuardian.swift */,
				1A0000030000000000002003 /* LavaActivityAttributes.swift */,
				1A0000030000000000002004 /* LavaLiveActivityActionRequest.swift */,
				1A0000030000000000002005 /* LavaLiveActivityIntents.swift */,
				1A0000040000000000002001 /* LavaProtectionCommandService.swift */,
				1A0000080000000000002001 /* FocusSwitchEnvironment.swift */,
			);
			path = Shared;
			sourceTree = "<group>";
		};
		1A0000030000000000009007 /* LavaSecWidget */ = {
			isa = PBXGroup;
			children = (
				1A0000030000000000001001 /* LavaSecWidget.swift */,
				1A0000030000000000001002 /* Info.plist */,
				1A0000030000000000001003 /* LavaSecWidget.entitlements */,
			);
			path = LavaSecWidget;
			sourceTree = "<group>";
		};
		1A0000010000000000009006 /* Products */ = {
			isa = PBXGroup;
			children = (
				1A0000010000000000005001 /* LavaSec.app */,
				1A0000010000000000005002 /* LavaSecTunnel.appex */,
				1A0000030000000000005001 /* LavaSecWidget.appex */,
				1A0000020000000000005001 /* LavaSecUITests.xctest */,
			);
			name = Products;
			sourceTree = "<group>";
		};
			1A0000020000000000009001 /* LavaSecUITests */ = {
				isa = PBXGroup;
				children = (
					1A0000020000000000001001 /* SecuritySettingsUITests.swift */,
					1A0000020000000000001002 /* CoreFlowDeviceTests.swift */,
				);
				path = LavaSecUITests;
				sourceTree = "<group>";
		};
		1A0000080000000000009008 /* LavaSecIntents */ = {
			isa = PBXGroup;
			children = (
				1A0000080000000000001001 /* LavaSecIntentsExtension.swift */,
				1A0000010000000000001FFF /* FocusFilterIntent.swift */,
				1A0000080000000000001018 /* Localizable.xcstrings */,
				1A0000080000000000002002 /* Info.plist */,
				1A0000080000000000002003 /* LavaSecIntents.entitlements */,
			);
			path = LavaSecIntents;
			sourceTree = "<group>";
		};
/* End PBXGroup section */

/* Begin PBXNativeTarget section */
		1A0000010000000000008001 /* LavaSec */ = {
			isa = PBXNativeTarget;
			buildConfigurationList = 1A000001000000000000A001 /* Build configuration list for PBXNativeTarget "LavaSec" */;
			buildPhases = (
				1A0000010000000000004001 /* Sources */,
				1A0000010000000000004002 /* Frameworks */,
				1A0000010000000000004003 /* Resources */,
				1A0000010000000000004004 /* Embed App Extensions */,
				1A0000080000000000004004 /* Embed ExtensionKit Extensions */,
			);
			buildRules = (
			);
			dependencies = (
				1A0000010000000000006002 /* PBXTargetDependency */,
				1A0000030000000000006004 /* PBXTargetDependency */,
				1A0000080000000000006002 /* PBXTargetDependency */,
			);
			name = LavaSec;
			packageProductDependencies = (
				1A0000010000000000007002 /* LavaSecCore */,
				1A0000010000000000007004 /* GoogleSignIn */,
			);
			productName = LavaSec;
			productReference = 1A0000010000000000005001 /* LavaSec.app */;
			productType = "com.apple.product-type.application";
		};
		1A0000010000000000008002 /* LavaSecTunnel */ = {
			isa = PBXNativeTarget;
			buildConfigurationList = 1A000001000000000000A002 /* Build configuration list for PBXNativeTarget "LavaSecTunnel" */;
			buildPhases = (
				1A0000010000000000004011 /* Sources */,
				1A0000010000000000004012 /* Frameworks */,
				1A0000010000000000004013 /* Resources */,
			);
			buildRules = (
			);
			dependencies = (
			);
			name = LavaSecTunnel;
			packageProductDependencies = (
				1A0000010000000000007003 /* LavaSecCore */,
			);
			productName = LavaSecTunnel;
			productReference = 1A0000010000000000005002 /* LavaSecTunnel.appex */;
			productType = "com.apple.product-type.app-extension";
		};
		1A0000030000000000008003 /* LavaSecWidget */ = {
			isa = PBXNativeTarget;
			buildConfigurationList = 1A000003000000000000A003 /* Build configuration list for PBXNativeTarget "LavaSecWidget" */;
			buildPhases = (
				1A0000030000000000004021 /* Sources */,
				1A0000030000000000004022 /* Frameworks */,
				1A0000030000000000004023 /* Resources */,
			);
			buildRules = (
			);
			dependencies = (
			);
			name = LavaSecWidget;
			packageProductDependencies = (
				1A0000030000000000007007 /* LavaSecCore */,
			);
			productName = LavaSecWidget;
			productReference = 1A0000030000000000005001 /* LavaSecWidget.appex */;
			productType = "com.apple.product-type.app-extension";
		};
		1A0000020000000000008001 /* LavaSecUITests */ = {
			isa = PBXNativeTarget;
			buildConfigurationList = 1A000002000000000000A001 /* Build configuration list for PBXNativeTarget "LavaSecUITests" */;
			buildPhases = (
				1A0000020000000000004001 /* Sources */,
				1A0000020000000000004002 /* Frameworks */,
				1A0000020000000000004003 /* Resources */,
			);
			buildRules = (
			);
			dependencies = (
				1A0000020000000000006002 /* PBXTargetDependency */,
			);
			name = LavaSecUITests;
			packageProductDependencies = (
				1A0000020000000000007006 /* LavaSecCore */,
			);
			productName = LavaSecUITests;
			productReference = 1A0000020000000000005001 /* LavaSecUITests.xctest */;
			productType = "com.apple.product-type.bundle.ui-testing";
		};
		1A0000080000000000008001 /* LavaSecIntents */ = {
			isa = PBXNativeTarget;
			buildConfigurationList = 1A000008000000000000A001 /* Build configuration list for PBXNativeTarget "LavaSecIntents" */;
			buildPhases = (
				1A0000080000000000004001 /* Sources */,
				1A0000080000000000004002 /* Frameworks */,
				1A0000080000000000004003 /* Resources */,
			);
			buildRules = (
			);
			dependencies = (
			);
			name = LavaSecIntents;
			packageProductDependencies = (
				1A0000080000000000007008 /* LavaSecCore */,
			);
			productName = LavaSecIntents;
			productReference = 1A0000080000000000005001 /* LavaSecIntents.appex */;
			productType = "com.apple.product-type.extensionkit-extension";
		};
/* End PBXNativeTarget section */

/* Begin PBXProject section */
		1A0000010000000000009001 /* Project object */ = {
			isa = PBXProject;
			attributes = {
				BuildIndependentTargetsInParallel = 1;
				LastSwiftUpdateCheck = 2630;
				LastUpgradeCheck = 2630;
				TargetAttributes = {
					1A0000010000000000008001 = {
						CreatedOnToolsVersion = 26.3;
					};
					1A0000010000000000008002 = {
						CreatedOnToolsVersion = 26.3;
					};
					1A0000030000000000008003 = {
						CreatedOnToolsVersion = 26.3;
					};
					1A0000080000000000008001 = {
						CreatedOnToolsVersion = 26.3;
					};
					1A0000020000000000008001 = {
						CreatedOnToolsVersion = 26.3;
						TestTargetID = 1A0000010000000000008001;
					};
				};
			};
			buildConfigurationList = 1A000001000000000000A000 /* Build configuration list for PBXProject "LavaSec" */;
			developmentRegion = en;
			hasScannedForEncodings = 0;
			knownRegions = (
				en,
				Base,
				ja,
				zh-Hant,
				zh-Hans,
				de,
				fr,
				es,
				ko,
				pt-BR,
				it,
			);
			mainGroup = 1A0000010000000000009002;
			minimizedProjectReferenceProxies = 1;
			packageReferences = (
				1A0000010000000000007001 /* XCLocalSwiftPackageReference "." */,
				1A0000010000000000007005 /* XCRemoteSwiftPackageReference "GoogleSignIn-iOS" */,
			);
			preferredProjectObjectVersion = 77;
			productRefGroup = 1A0000010000000000009006 /* Products */;
			projectDirPath = "";
			projectRoot = "";
			targets = (
				1A0000010000000000008001 /* LavaSec */,
				1A0000010000000000008002 /* LavaSecTunnel */,
				1A0000030000000000008003 /* LavaSecWidget */,
				1A0000080000000000008001 /* LavaSecIntents */,
				1A0000020000000000008001 /* LavaSecUITests */,
			);
		};
/* End PBXProject section */

/* Begin PBXResourcesBuildPhase section */
		1A0000010000000000004003 /* Resources */ = {
			isa = PBXResourcesBuildPhase;
			buildActionMask = 2147483647;
			files = (
				1A0000060000000000000001 /* AppIcon.icon in Resources */,
				1A0000060000000000000002 /* AppIconFireOpal.icon in Resources */,
				1A0000060000000000000003 /* AppIconAmethyst.icon in Resources */,
				1A0000060000000000000004 /* AppIconObsidian.icon in Resources */,
				1A0000060000000000000005 /* AppIconCherryQuartz.icon in Resources */,
				1A0000060000000000000006 /* AppIconEmerald.icon in Resources */,
				1A0000060000000000000007 /* AppIconKiwiCreme.icon in Resources */,
				1A000001000000000000000D /* Assets.xcassets in Resources */,
				1A0000010000000000000019 /* Localizable.xcstrings in Resources */,
				1A000001000000000000001A /* InfoPlist.xcstrings in Resources */,
			);
			runOnlyForDeploymentPostprocessing = 0;
		};
		1A0000010000000000004013 /* Resources */ = {
			isa = PBXResourcesBuildPhase;
			buildActionMask = 2147483647;
			files = (
			);
			runOnlyForDeploymentPostprocessing = 0;
		};
		1A0000030000000000004023 /* Resources */ = {
			isa = PBXResourcesBuildPhase;
			buildActionMask = 2147483647;
			files = (
			);
			runOnlyForDeploymentPostprocessing = 0;
		};
		1A0000020000000000004003 /* Resources */ = {
			isa = PBXResourcesBuildPhase;
			buildActionMask = 2147483647;
			files = (
			);
			runOnlyForDeploymentPostprocessing = 0;
		};
		1A0000080000000000004003 /* Resources */ = {
			isa = PBXResourcesBuildPhase;
			buildActionMask = 2147483647;
			files = (
				1A0000080000000000000019 /* Localizable.xcstrings in Resources */,
			);
			runOnlyForDeploymentPostprocessing = 0;
		};
/* End PBXResourcesBuildPhase section */

/* Begin PBXSourcesBuildPhase section */
		1A0000010000000000004001 /* Sources */ = {
			isa = PBXSourcesBuildPhase;
			buildActionMask = 2147483647;
			files = (
				1A0000010000000000000001 /* LavaSecApp.swift in Sources */,
				1A0000010000000000000002 /* AppViewModel.swift in Sources */,
				1A0000010000000000000011 /* AccountAuthService.swift in Sources */,
				1A0000010000000000000012 /* BackupKeychainStore.swift in Sources */,
				1A0000010000000000000013 /* BackupSyncService.swift in Sources */,
				1A0000010000000000000014 /* BackupSetupView.swift in Sources */,
				1A0000010000000000000015 /* BackupRestoreView.swift in Sources */,
				1A000001000000000000001D /* BackupPasskeyCoordinator.swift in Sources */,
				1A0000010000000000000016 /* AccountSessionKeychainStore.swift in Sources */,
				1A0000010000000000000018 /* LavaStrings.swift in Sources */,
				1A0000010000000000000003 /* RootView.swift in Sources */,
				1A0000010000000000000030 /* FilterPreparationPresentation.swift in Sources */,
				1A0000010000000000000029 /* LavaIcon.swift in Sources */,
				1A0000010000000000000028 /* ProtectionPlatformSeams.swift in Sources */,
				1A0000010000000000000027 /* ProtectionConnectivityPresentation.swift in Sources */,
				1A0000010000000000000025 /* GuardView.swift in Sources */,
				1A0000010000000000000026 /* DeveloperPreviewViews.swift in Sources */,
				1A0000010000000000000022 /* LavaTokens.swift in Sources */,
				1A0000010000000000000023 /* LavaScaffold.swift in Sources */,
				1A00000100000000000000F2 /* LavaSelectableRow.swift in Sources */,
				1A00000100000000000000F0 /* LavaConfirmationDialog.swift in Sources */,
				1A0000010000000000000024 /* LavaComponents.swift in Sources */,
				1A000001000000000000001C /* OnboardingFlowView.swift in Sources */,
				1A0000010000000000000010 /* LavaCondensedList.swift in Sources */,
				1A0000010000000000000004 /* FiltersView.swift in Sources */,
				1A00000100000000000000D0 /* ShareableFiltersUI.swift in Sources */,
				1A000001000000000000001F /* FilterReviewFlowView.swift in Sources */,
				1A0000010000000000000020 /* SecurityController.swift in Sources */,
				1A00000100000000000000A1 /* TemporaryProtectionPauseController.swift in Sources */,
				1A0000010000000000000021 /* LavaSecurityPlusStore.swift in Sources */,
				1A000003000000000000000D /* LavaLiveActivityController.swift in Sources */,
				1A00000300000000000000F1 /* DarwinNotificationObserver.swift in Sources */,
				1A0000010000000000000005 /* DiagnosticsView.swift in Sources */,
				1A0000010000000000000006 /* SettingsView.swift in Sources */,
				1A000001000000000000000E /* AdminQAView.swift in Sources */,
				1A000001000000000000000F /* RageShakeDetector.swift in Sources */,
				1A0000010000000000000007 /* AppGroup.swift in Sources */,
				1A0000030000000000000005 /* SoftShieldGuardian.swift in Sources */,
				1A0000030000000000000007 /* LavaActivityAttributes.swift in Sources */,
				1A0000030000000000000009 /* LavaLiveActivityActionRequest.swift in Sources */,
				1A000003000000000000000B /* LavaLiveActivityIntents.swift in Sources */,
				1A0000040000000000000001 /* LavaProtectionCommandService.swift in Sources */,
				1A0000080000000000000001 /* FocusSwitchEnvironment.swift in Sources */,
			);
			runOnlyForDeploymentPostprocessing = 0;
		};
		1A0000010000000000004011 /* Sources */ = {
			isa = PBXSourcesBuildPhase;
			buildActionMask = 2147483647;
			files = (
				1A0000010000000000000008 /* PacketTunnelProvider.swift in Sources */,
				1A0000010000000000000009 /* AppGroup.swift in Sources */,
				1A0000010000000000000017 /* DeviceDNSResolver.c in Sources */,
				1A0000050000000000000001 /* LavaActivityAttributes.swift in Sources */,
			);
			runOnlyForDeploymentPostprocessing = 0;
		};
		1A0000030000000000004021 /* Sources */ = {
			isa = PBXSourcesBuildPhase;
			buildActionMask = 2147483647;
			files = (
				1A0000030000000000000001 /* LavaSecWidget.swift in Sources */,
				1A0000030000000000000004 /* AppGroup.swift in Sources */,
				1A0000030000000000000006 /* SoftShieldGuardian.swift in Sources */,
				1A0000030000000000000008 /* LavaActivityAttributes.swift in Sources */,
				1A000003000000000000000A /* LavaLiveActivityActionRequest.swift in Sources */,
				1A000003000000000000000C /* LavaLiveActivityIntents.swift in Sources */,
				1A0000040000000000000002 /* LavaProtectionCommandService.swift in Sources */,
			);
			runOnlyForDeploymentPostprocessing = 0;
		};
			1A0000020000000000004001 /* Sources */ = {
				isa = PBXSourcesBuildPhase;
				buildActionMask = 2147483647;
				files = (
					1A0000020000000000000001 /* SecuritySettingsUITests.swift in Sources */,
					1A0000020000000000000002 /* CoreFlowDeviceTests.swift in Sources */,
				);
				runOnlyForDeploymentPostprocessing = 0;
			};
		1A0000080000000000004001 /* Sources */ = {
			isa = PBXSourcesBuildPhase;
			buildActionMask = 2147483647;
			files = (
				1A0000080000000000001102 /* FocusFilterIntent.swift in Sources */,
				1A0000080000000000001101 /* LavaSecIntentsExtension.swift in Sources */,
				1A0000080000000000001103 /* AppGroup.swift in Sources */,
				1A0000080000000000001104 /* FocusSwitchEnvironment.swift in Sources */,
			);
			runOnlyForDeploymentPostprocessing = 0;
		};
/* End PBXSourcesBuildPhase section */

/* Begin PBXTargetDependency section */
		1A0000010000000000006002 /* PBXTargetDependency */ = {
			isa = PBXTargetDependency;
			target = 1A0000010000000000008002 /* LavaSecTunnel */;
			targetProxy = 1A0000010000000000006001 /* PBXContainerItemProxy */;
		};
		1A0000030000000000006004 /* PBXTargetDependency */ = {
			isa = PBXTargetDependency;
			target = 1A0000030000000000008003 /* LavaSecWidget */;
			targetProxy = 1A0000030000000000006003 /* PBXContainerItemProxy */;
		};
		1A0000020000000000006002 /* PBXTargetDependency */ = {
			isa = PBXTargetDependency;
			target = 1A0000010000000000008001 /* LavaSec */;
			targetProxy = 1A0000020000000000006001 /* PBXContainerItemProxy */;
		};
		1A0000080000000000006002 /* PBXTargetDependency */ = {
			isa = PBXTargetDependency;
			target = 1A0000080000000000008001 /* LavaSecIntents */;
			targetProxy = 1A0000080000000000006001 /* PBXContainerItemProxy */;
		};
/* End PBXTargetDependency section */

/* Begin XCBuildConfiguration section */
		1A000001000000000000B001 /* Debug */ = {
			isa = XCBuildConfiguration;
			baseConfigurationReference = 1ACF160000000000000F0101 /* Lava.xcconfig */;
			buildSettings = {
				ALWAYS_SEARCH_USER_PATHS = NO;
				CLANG_ANALYZER_NONNULL = YES;
				CLANG_ENABLE_MODULES = YES;
				CLANG_ENABLE_OBJC_ARC = YES;
				CLANG_WARN_BLOCK_CAPTURE_AUTORELEASING = YES;
				CLANG_WARN_BOOL_CONVERSION = YES;
				CLANG_WARN_COMMA = YES;
				CLANG_WARN_CONSTANT_CONVERSION = YES;
				CLANG_WARN_DEPRECATED_OBJC_IMPLEMENTATIONS = YES;
				CLANG_WARN_DIRECT_OBJC_ISA_USAGE = YES_ERROR;
				CLANG_WARN_DOCUMENTATION_COMMENTS = YES;
				CLANG_WARN_EMPTY_BODY = YES;
				CLANG_WARN_ENUM_CONVERSION = YES;
				CLANG_WARN_INFINITE_RECURSION = YES;
				CLANG_WARN_INT_CONVERSION = YES;
				CLANG_WARN_NON_LITERAL_NULL_CONVERSION = YES;
				CLANG_WARN_OBJC_IMPLICIT_RETAIN_SELF = YES;
				CLANG_WARN_OBJC_LITERAL_CONVERSION = YES;
				CLANG_WARN_OBJC_ROOT_CLASS = YES_ERROR;
				CLANG_WARN_QUOTED_INCLUDE_IN_FRAMEWORK_HEADER = YES;
				CLANG_WARN_RANGE_LOOP_ANALYSIS = YES;
				CLANG_WARN_STRICT_PROTOTYPES = YES;
				CLANG_WARN_SUSPICIOUS_MOVE = YES;
				CLANG_WARN_UNGUARDED_AVAILABILITY = YES_AGGRESSIVE;
				CLANG_WARN_UNREACHABLE_CODE = YES;
				CLANG_WARN__DUPLICATE_METHOD_MATCH = YES;
				COPY_PHASE_STRIP = NO;
				DEBUG_INFORMATION_FORMAT = dwarf;
				ENABLE_STRICT_OBJC_MSGSEND = YES;
				ENABLE_TESTABILITY = YES;
				GCC_C_LANGUAGE_STANDARD = gnu17;
				GCC_DYNAMIC_NO_PIC = NO;
				GCC_NO_COMMON_BLOCKS = YES;
				GCC_OPTIMIZATION_LEVEL = 0;
				GCC_PREPROCESSOR_DEFINITIONS = (
					"DEBUG=1",
					"$(inherited)",
				);
				GCC_WARN_64_TO_32_BIT_CONVERSION = YES;
				GCC_WARN_ABOUT_RETURN_TYPE = YES_ERROR;
				GCC_WARN_UNDECLARED_SELECTOR = YES;
				GCC_WARN_UNINITIALIZED_AUTOS = YES_AGGRESSIVE;
					GCC_WARN_UNUSED_FUNCTION = YES;
					GCC_WARN_UNUSED_VARIABLE = YES;
					IPHONEOS_DEPLOYMENT_TARGET = 17.0;
					MTL_ENABLE_DEBUG_INFO = INCLUDE_SOURCE;
					ONLY_ACTIVE_ARCH = YES;
					SDKROOT = iphoneos;
				SWIFT_ACTIVE_COMPILATION_CONDITIONS = DEBUG;
				SWIFT_EMIT_CONST_VALUE_PROTOCOLS = "";
				SWIFT_VERSION = 6.0;
			};
			name = Debug;
		};
		1A000001000000000000B002 /* Release */ = {
			isa = XCBuildConfiguration;
			baseConfigurationReference = 1ACF160000000000000F0101 /* Lava.xcconfig */;
			buildSettings = {
				ALWAYS_SEARCH_USER_PATHS = NO;
				CLANG_ANALYZER_NONNULL = YES;
				CLANG_ENABLE_MODULES = YES;
				CLANG_ENABLE_OBJC_ARC = YES;
				CLANG_WARN_BLOCK_CAPTURE_AUTORELEASING = YES;
				CLANG_WARN_BOOL_CONVERSION = YES;
				CLANG_WARN_COMMA = YES;
				CLANG_WARN_CONSTANT_CONVERSION = YES;
				CLANG_WARN_DEPRECATED_OBJC_IMPLEMENTATIONS = YES;
				CLANG_WARN_DIRECT_OBJC_ISA_USAGE = YES_ERROR;
				CLANG_WARN_DOCUMENTATION_COMMENTS = YES;
				CLANG_WARN_EMPTY_BODY = YES;
				CLANG_WARN_ENUM_CONVERSION = YES;
				CLANG_WARN_INFINITE_RECURSION = YES;
				CLANG_WARN_INT_CONVERSION = YES;
				CLANG_WARN_NON_LITERAL_NULL_CONVERSION = YES;
				CLANG_WARN_OBJC_IMPLICIT_RETAIN_SELF = YES;
				CLANG_WARN_OBJC_LITERAL_CONVERSION = YES;
				CLANG_WARN_OBJC_ROOT_CLASS = YES_ERROR;
				CLANG_WARN_QUOTED_INCLUDE_IN_FRAMEWORK_HEADER = YES;
				CLANG_WARN_RANGE_LOOP_ANALYSIS = YES;
				CLANG_WARN_STRICT_PROTOTYPES = YES;
				CLANG_WARN_SUSPICIOUS_MOVE = YES;
				CLANG_WARN_UNGUARDED_AVAILABILITY = YES_AGGRESSIVE;
				CLANG_WARN_UNREACHABLE_CODE = YES;
				CLANG_WARN__DUPLICATE_METHOD_MATCH = YES;
				COPY_PHASE_STRIP = NO;
				DEBUG_INFORMATION_FORMAT = "dwarf-with-dsym";
				ENABLE_NS_ASSERTIONS = NO;
				ENABLE_STRICT_OBJC_MSGSEND = YES;
				GCC_C_LANGUAGE_STANDARD = gnu17;
				GCC_NO_COMMON_BLOCKS = YES;
				GCC_WARN_64_TO_32_BIT_CONVERSION = YES;
				GCC_WARN_ABOUT_RETURN_TYPE = YES_ERROR;
				GCC_WARN_UNDECLARED_SELECTOR = YES;
				GCC_WARN_UNINITIALIZED_AUTOS = YES_AGGRESSIVE;
					GCC_WARN_UNUSED_FUNCTION = YES;
					GCC_WARN_UNUSED_VARIABLE = YES;
					IPHONEOS_DEPLOYMENT_TARGET = 17.0;
					MTL_ENABLE_DEBUG_INFO = NO;
					SDKROOT = iphoneos;
					SWIFT_COMPILATION_MODE = wholemodule;
					SWIFT_ACTIVE_COMPILATION_CONDITIONS = RELEASE;
					SWIFT_EMIT_CONST_VALUE_PROTOCOLS = "";
					SWIFT_VERSION = 6.0;
					VALIDATE_PRODUCT = YES;
			};
			name = Release;
		};
		1A000001000000000000B003 /* QA */ = {
			isa = XCBuildConfiguration;
			baseConfigurationReference = 1ACF160000000000000F0102 /* Lava.QA.xcconfig */;
			buildSettings = {
				ALWAYS_SEARCH_USER_PATHS = NO;
				CLANG_ANALYZER_NONNULL = YES;
				CLANG_ENABLE_MODULES = YES;
				CLANG_ENABLE_OBJC_ARC = YES;
				CLANG_WARN_BLOCK_CAPTURE_AUTORELEASING = YES;
				CLANG_WARN_BOOL_CONVERSION = YES;
				CLANG_WARN_COMMA = YES;
				CLANG_WARN_CONSTANT_CONVERSION = YES;
				CLANG_WARN_DEPRECATED_OBJC_IMPLEMENTATIONS = YES;
				CLANG_WARN_DIRECT_OBJC_ISA_USAGE = YES_ERROR;
				CLANG_WARN_DOCUMENTATION_COMMENTS = YES;
				CLANG_WARN_EMPTY_BODY = YES;
				CLANG_WARN_ENUM_CONVERSION = YES;
				CLANG_WARN_INFINITE_RECURSION = YES;
				CLANG_WARN_INT_CONVERSION = YES;
				CLANG_WARN_NON_LITERAL_NULL_CONVERSION = YES;
				CLANG_WARN_OBJC_IMPLICIT_RETAIN_SELF = YES;
				CLANG_WARN_OBJC_LITERAL_CONVERSION = YES;
				CLANG_WARN_OBJC_ROOT_CLASS = YES_ERROR;
				CLANG_WARN_QUOTED_INCLUDE_IN_FRAMEWORK_HEADER = YES;
				CLANG_WARN_RANGE_LOOP_ANALYSIS = YES;
				CLANG_WARN_STRICT_PROTOTYPES = YES;
				CLANG_WARN_SUSPICIOUS_MOVE = YES;
				CLANG_WARN_UNGUARDED_AVAILABILITY = YES_AGGRESSIVE;
				CLANG_WARN_UNREACHABLE_CODE = YES;
				CLANG_WARN__DUPLICATE_METHOD_MATCH = YES;
				COPY_PHASE_STRIP = NO;
				DEBUG_INFORMATION_FORMAT = "dwarf-with-dsym";
				ENABLE_STRICT_OBJC_MSGSEND = YES;
				ENABLE_TESTABILITY = YES;
				GCC_C_LANGUAGE_STANDARD = gnu17;
				GCC_DYNAMIC_NO_PIC = NO;
				GCC_NO_COMMON_BLOCKS = YES;
				GCC_OPTIMIZATION_LEVEL = 0;
				GCC_PREPROCESSOR_DEFINITIONS = (
					"DEBUG=1",
					"LAVA_QA_TOOLS=1",
					"$(inherited)",
				);
				GCC_WARN_64_TO_32_BIT_CONVERSION = YES;
				GCC_WARN_ABOUT_RETURN_TYPE = YES_ERROR;
				GCC_WARN_UNDECLARED_SELECTOR = YES;
				GCC_WARN_UNINITIALIZED_AUTOS = YES_AGGRESSIVE;
					GCC_WARN_UNUSED_FUNCTION = YES;
					GCC_WARN_UNUSED_VARIABLE = YES;
					IPHONEOS_DEPLOYMENT_TARGET = 17.0;
					MTL_ENABLE_DEBUG_INFO = INCLUDE_SOURCE;
					ONLY_ACTIVE_ARCH = YES;
					SDKROOT = iphoneos;
				SWIFT_ACTIVE_COMPILATION_CONDITIONS = "DEBUG LAVA_QA_TOOLS";
				SWIFT_EMIT_CONST_VALUE_PROTOCOLS = "";
				SWIFT_VERSION = 6.0;
			};
			name = QA;
		};
		1A000001000000000000B101 /* Debug */ = {
			isa = XCBuildConfiguration;
			buildSettings = {
				ASSETCATALOG_COMPILER_ALTERNATE_APPICON_NAMES = "AppIconFireOpal AppIconAmethyst AppIconObsidian AppIconCherryQuartz AppIconEmerald AppIconKiwiCreme";
				ASSETCATALOG_COMPILER_APPICON_NAME = AppIcon;
				ASSETCATALOG_COMPILER_INCLUDE_ALL_APPICON_ASSETS = NO;
				CODE_SIGN_ENTITLEMENTS = LavaSecApp/LavaSecApp.entitlements;
				CODE_SIGN_STYLE = Automatic;
				CURRENT_PROJECT_VERSION = 1;
				DEVELOPMENT_TEAM = "$(inherited)";
				GENERATE_INFOPLIST_FILE = NO;
				INFOPLIST_FILE = LavaSecApp/Info.plist;
				IPHONEOS_DEPLOYMENT_TARGET = 17.0;
				LAVA_DISPLAY_NAME = "Lava Security";
				LAVA_GOOGLE_IOS_CLIENT_ID = "$(inherited)";
				LAVA_GOOGLE_REVERSED_CLIENT_ID = "$(inherited)";
				LAVA_GOOGLE_SERVER_CLIENT_ID = "$(inherited)";
				LAVA_SUPABASE_ANON_KEY = "$(inherited)";
				LAVA_SUPABASE_URL = "$(inherited)";
				LD_RUNPATH_SEARCH_PATHS = (
					"$(inherited)",
					"@executable_path/Frameworks",
				);
				MARKETING_VERSION = "$(inherited)";
	                PRODUCT_BUNDLE_IDENTIFIER = com.lavasec.app;
	                PRODUCT_NAME = LavaSec;
					SWIFT_EMIT_CONST_VALUE_PROTOCOLS = "AppIntent LiveActivityIntent EntityQuery AppEntity TransientEntity AppEnum AppShortcutProviding AppShortcutsProvider AnyResolverProviding AppIntentsPackage DynamicOptionsProvider _IntentValueRepresentable _AssistantIntentsProvider _GenerativeFunctionExtractable IntentValueQuery Resolver";
					SWIFT_VERSION = 6.0;
					TARGETED_DEVICE_FAMILY = "1,2";
			};
			name = Debug;
		};
		1A000001000000000000B102 /* Release */ = {
			isa = XCBuildConfiguration;
			buildSettings = {
				PROVISIONING_PROFILE_SPECIFIER = "$(LAVASEC_APP_PROFILE)";
				ASSETCATALOG_COMPILER_ALTERNATE_APPICON_NAMES = "AppIconFireOpal AppIconAmethyst AppIconObsidian AppIconCherryQuartz AppIconEmerald AppIconKiwiCreme";
				ASSETCATALOG_COMPILER_APPICON_NAME = AppIcon;
				ASSETCATALOG_COMPILER_INCLUDE_ALL_APPICON_ASSETS = NO;
				CODE_SIGN_ENTITLEMENTS = LavaSecApp/LavaSecApp.entitlements;
				CODE_SIGN_STYLE = Automatic;
				CURRENT_PROJECT_VERSION = 1;
				DEVELOPMENT_TEAM = "$(inherited)";
				GENERATE_INFOPLIST_FILE = NO;
				INFOPLIST_FILE = LavaSecApp/Info.plist;
				IPHONEOS_DEPLOYMENT_TARGET = 17.0;
				LAVA_DISPLAY_NAME = "Lava Security";
				LAVA_GOOGLE_IOS_CLIENT_ID = "$(inherited)";
				LAVA_GOOGLE_REVERSED_CLIENT_ID = "$(inherited)";
				LAVA_GOOGLE_SERVER_CLIENT_ID = "$(inherited)";
				LAVA_SUPABASE_ANON_KEY = "$(inherited)";
				LAVA_SUPABASE_URL = "$(inherited)";
				LD_RUNPATH_SEARCH_PATHS = (
					"$(inherited)",
					"@executable_path/Frameworks",
				);
				MARKETING_VERSION = "$(inherited)";
	                PRODUCT_BUNDLE_IDENTIFIER = com.lavasec.app;
	                PRODUCT_NAME = LavaSec;
					SWIFT_ACTIVE_COMPILATION_CONDITIONS = RELEASE;
					SWIFT_EMIT_CONST_VALUE_PROTOCOLS = "AppIntent LiveActivityIntent EntityQuery AppEntity TransientEntity AppEnum AppShortcutProviding AppShortcutsProvider AnyResolverProviding AppIntentsPackage DynamicOptionsProvider _IntentValueRepresentable _AssistantIntentsProvider _GenerativeFunctionExtractable IntentValueQuery Resolver";
					SWIFT_VERSION = 6.0;
					TARGETED_DEVICE_FAMILY = "1,2";
			};
			name = Release;
		};
		1A000001000000000000B103 /* QA */ = {
			isa = XCBuildConfiguration;
			buildSettings = {
				ASSETCATALOG_COMPILER_ALTERNATE_APPICON_NAMES = "AppIconFireOpal AppIconAmethyst AppIconObsidian AppIconCherryQuartz AppIconEmerald AppIconKiwiCreme";
				ASSETCATALOG_COMPILER_APPICON_NAME = AppIcon;
				ASSETCATALOG_COMPILER_INCLUDE_ALL_APPICON_ASSETS = NO;
				CODE_SIGN_ENTITLEMENTS = LavaSecApp/LavaSecApp.entitlements;
				CODE_SIGN_STYLE = Automatic;
				CURRENT_PROJECT_VERSION = 1;
				DEVELOPMENT_TEAM = "$(inherited)";
				GENERATE_INFOPLIST_FILE = NO;
				INFOPLIST_FILE = LavaSecApp/Info.plist;
				IPHONEOS_DEPLOYMENT_TARGET = 17.0;
                LAVA_DISPLAY_NAME = "Lava Security";
				LAVA_GOOGLE_IOS_CLIENT_ID = "$(inherited)";
				LAVA_GOOGLE_REVERSED_CLIENT_ID = "$(inherited)";
				LAVA_GOOGLE_SERVER_CLIENT_ID = "$(inherited)";
				LAVA_SUPABASE_ANON_KEY = "$(inherited)";
				LAVA_SUPABASE_URL = "$(inherited)";
				LD_RUNPATH_SEARCH_PATHS = (
					"$(inherited)",
					"@executable_path/Frameworks",
				);
				MARKETING_VERSION = "$(inherited)";
                PRODUCT_BUNDLE_IDENTIFIER = com.lavasec.dev.qa;
                PRODUCT_NAME = LavaSec;
				SWIFT_EMIT_CONST_VALUE_PROTOCOLS = "AppIntent LiveActivityIntent EntityQuery AppEntity TransientEntity AppEnum AppShortcutProviding AppShortcutsProvider AnyResolverProviding AppIntentsPackage DynamicOptionsProvider _IntentValueRepresentable _AssistantIntentsProvider _GenerativeFunctionExtractable IntentValueQuery Resolver";
				SWIFT_VERSION = 6.0;
				TARGETED_DEVICE_FAMILY = "1,2";
			};
			name = QA;
		};
		1A000001000000000000B201 /* Debug */ = {
			isa = XCBuildConfiguration;
			buildSettings = {
				APPLICATION_EXTENSION_API_ONLY = YES;
				CODE_SIGN_ENTITLEMENTS = LavaSecTunnel/LavaSecTunnel.entitlements;
				LM_SKIP_METADATA_EXTRACTION = YES;
				CODE_SIGN_STYLE = Automatic;
				CURRENT_PROJECT_VERSION = 1;
				DEVELOPMENT_TEAM = "$(inherited)";
				INFOPLIST_FILE = LavaSecTunnel/Info.plist;
				IPHONEOS_DEPLOYMENT_TARGET = 17.0;
				LD_RUNPATH_SEARCH_PATHS = (
					"$(inherited)",
					"@executable_path/Frameworks",
					"@executable_path/../../Frameworks",
				);
				MARKETING_VERSION = "$(inherited)";
				OTHER_LDFLAGS = "$(inherited) -lresolv";
                PRODUCT_BUNDLE_IDENTIFIER = com.lavasec.app.tunnel;
                PRODUCT_NAME = LavaSecTunnel;
				SKIP_INSTALL = YES;
				SWIFT_VERSION = 6.0;
			};
			name = Debug;
		};
		1A000001000000000000B202 /* Release */ = {
			isa = XCBuildConfiguration;
			buildSettings = {
				PROVISIONING_PROFILE_SPECIFIER = "$(LAVASEC_TUNNEL_PROFILE)";
				APPLICATION_EXTENSION_API_ONLY = YES;
				CODE_SIGN_ENTITLEMENTS = LavaSecTunnel/LavaSecTunnel.entitlements;
				LM_SKIP_METADATA_EXTRACTION = YES;
				CODE_SIGN_STYLE = Automatic;
				CURRENT_PROJECT_VERSION = 1;
				DEVELOPMENT_TEAM = "$(inherited)";
				INFOPLIST_FILE = LavaSecTunnel/Info.plist;
				IPHONEOS_DEPLOYMENT_TARGET = 17.0;
				LD_RUNPATH_SEARCH_PATHS = (
					"$(inherited)",
					"@executable_path/Frameworks",
					"@executable_path/../../Frameworks",
				);
				MARKETING_VERSION = "$(inherited)";
				OTHER_LDFLAGS = "$(inherited) -lresolv";
                PRODUCT_BUNDLE_IDENTIFIER = com.lavasec.app.tunnel;
					PRODUCT_NAME = LavaSecTunnel;
					SKIP_INSTALL = YES;
					SWIFT_ACTIVE_COMPILATION_CONDITIONS = RELEASE;
					SWIFT_VERSION = 6.0;
				};
				name = Release;
		};
		1A000001000000000000B203 /* QA */ = {
			isa = XCBuildConfiguration;
			buildSettings = {
				APPLICATION_EXTENSION_API_ONLY = YES;
				CODE_SIGN_ENTITLEMENTS = LavaSecTunnel/LavaSecTunnel.entitlements;
				LM_SKIP_METADATA_EXTRACTION = YES;
				CODE_SIGN_STYLE = Automatic;
				CURRENT_PROJECT_VERSION = 1;
				DEVELOPMENT_TEAM = "$(inherited)";
				INFOPLIST_FILE = LavaSecTunnel/Info.plist;
				IPHONEOS_DEPLOYMENT_TARGET = 17.0;
				LD_RUNPATH_SEARCH_PATHS = (
					"$(inherited)",
					"@executable_path/Frameworks",
					"@executable_path/../../Frameworks",
				);
				MARKETING_VERSION = "$(inherited)";
				OTHER_LDFLAGS = "$(inherited) -lresolv";
                PRODUCT_BUNDLE_IDENTIFIER = com.lavasec.dev.qa.tunnel;
                PRODUCT_NAME = LavaSecTunnel;
				SKIP_INSTALL = YES;
				SWIFT_VERSION = 6.0;
			};
			name = QA;
		};
		1A000003000000000000B301 /* Debug */ = {
			isa = XCBuildConfiguration;
			buildSettings = {
				APPLICATION_EXTENSION_API_ONLY = YES;
				CODE_SIGN_ENTITLEMENTS = LavaSecWidget/LavaSecWidget.entitlements;
				CODE_SIGN_STYLE = Automatic;
				CURRENT_PROJECT_VERSION = 1;
				DEVELOPMENT_TEAM = "$(inherited)";
				GENERATE_INFOPLIST_FILE = NO;
				INFOPLIST_FILE = LavaSecWidget/Info.plist;
				IPHONEOS_DEPLOYMENT_TARGET = 17.0;
				LD_RUNPATH_SEARCH_PATHS = (
					"$(inherited)",
					"@executable_path/Frameworks",
					"@executable_path/../../Frameworks",
				);
				MARKETING_VERSION = "$(inherited)";
				PRODUCT_BUNDLE_IDENTIFIER = com.lavasec.app.widget;
				PRODUCT_NAME = LavaSecWidget;
				SKIP_INSTALL = YES;
				SWIFT_EMIT_CONST_VALUE_PROTOCOLS = "AppIntent LiveActivityIntent EntityQuery AppEntity TransientEntity AppEnum AppShortcutProviding AppShortcutsProvider AnyResolverProviding AppIntentsPackage DynamicOptionsProvider _IntentValueRepresentable _AssistantIntentsProvider _GenerativeFunctionExtractable IntentValueQuery Resolver";
				SWIFT_VERSION = 6.0;
				TARGETED_DEVICE_FAMILY = "1,2";
			};
			name = Debug;
		};
		1A000003000000000000B302 /* Release */ = {
			isa = XCBuildConfiguration;
			buildSettings = {
				PROVISIONING_PROFILE_SPECIFIER = "$(LAVASEC_WIDGET_PROFILE)";
				APPLICATION_EXTENSION_API_ONLY = YES;
				CODE_SIGN_ENTITLEMENTS = LavaSecWidget/LavaSecWidget.entitlements;
				CODE_SIGN_STYLE = Automatic;
				CURRENT_PROJECT_VERSION = 1;
				DEVELOPMENT_TEAM = "$(inherited)";
				GENERATE_INFOPLIST_FILE = NO;
				INFOPLIST_FILE = LavaSecWidget/Info.plist;
				IPHONEOS_DEPLOYMENT_TARGET = 17.0;
				LD_RUNPATH_SEARCH_PATHS = (
					"$(inherited)",
					"@executable_path/Frameworks",
					"@executable_path/../../Frameworks",
				);
				MARKETING_VERSION = "$(inherited)";
				PRODUCT_BUNDLE_IDENTIFIER = com.lavasec.app.widget;
				PRODUCT_NAME = LavaSecWidget;
				SKIP_INSTALL = YES;
				SWIFT_ACTIVE_COMPILATION_CONDITIONS = RELEASE;
				SWIFT_EMIT_CONST_VALUE_PROTOCOLS = "AppIntent LiveActivityIntent EntityQuery AppEntity TransientEntity AppEnum AppShortcutProviding AppShortcutsProvider AnyResolverProviding AppIntentsPackage DynamicOptionsProvider _IntentValueRepresentable _AssistantIntentsProvider _GenerativeFunctionExtractable IntentValueQuery Resolver";
				SWIFT_VERSION = 6.0;
				TARGETED_DEVICE_FAMILY = "1,2";
			};
			name = Release;
		};
		1A000003000000000000B303 /* QA */ = {
			isa = XCBuildConfiguration;
			buildSettings = {
				APPLICATION_EXTENSION_API_ONLY = YES;
				CODE_SIGN_ENTITLEMENTS = LavaSecWidget/LavaSecWidget.entitlements;
				CODE_SIGN_STYLE = Automatic;
				CURRENT_PROJECT_VERSION = 1;
				DEVELOPMENT_TEAM = "$(inherited)";
				GENERATE_INFOPLIST_FILE = NO;
				INFOPLIST_FILE = LavaSecWidget/Info.plist;
				IPHONEOS_DEPLOYMENT_TARGET = 17.0;
				LD_RUNPATH_SEARCH_PATHS = (
					"$(inherited)",
					"@executable_path/Frameworks",
					"@executable_path/../../Frameworks",
				);
				MARKETING_VERSION = "$(inherited)";
				PRODUCT_BUNDLE_IDENTIFIER = com.lavasec.dev.qa.widget;
				PRODUCT_NAME = LavaSecWidget;
				SKIP_INSTALL = YES;
				SWIFT_ACTIVE_COMPILATION_CONDITIONS = "DEBUG LAVA_QA_TOOLS";
				SWIFT_EMIT_CONST_VALUE_PROTOCOLS = "AppIntent LiveActivityIntent EntityQuery AppEntity TransientEntity AppEnum AppShortcutProviding AppShortcutsProvider AnyResolverProviding AppIntentsPackage DynamicOptionsProvider _IntentValueRepresentable _AssistantIntentsProvider _GenerativeFunctionExtractable IntentValueQuery Resolver";
				SWIFT_VERSION = 6.0;
				TARGETED_DEVICE_FAMILY = "1,2";
			};
			name = QA;
		};
		1A000002000000000000B101 /* Debug */ = {
			isa = XCBuildConfiguration;
			buildSettings = {
				CODE_SIGN_STYLE = Automatic;
				CURRENT_PROJECT_VERSION = 1;
				DEVELOPMENT_TEAM = "$(inherited)";
				GENERATE_INFOPLIST_FILE = YES;
				IPHONEOS_DEPLOYMENT_TARGET = 17.0;
				MARKETING_VERSION = "$(inherited)";
				PRODUCT_BUNDLE_IDENTIFIER = com.lavasec.app.uitests;
				PRODUCT_NAME = "$(TARGET_NAME)";
				SWIFT_ACTIVE_COMPILATION_CONDITIONS = DEBUG;
				SWIFT_VERSION = 6.0;
				TARGETED_DEVICE_FAMILY = "1,2";
				TEST_TARGET_NAME = LavaSec;
			};
			name = Debug;
		};
		1A000002000000000000B102 /* Release */ = {
			isa = XCBuildConfiguration;
			buildSettings = {
				CODE_SIGN_STYLE = Automatic;
				CURRENT_PROJECT_VERSION = 1;
				DEVELOPMENT_TEAM = "$(inherited)";
				GENERATE_INFOPLIST_FILE = YES;
				IPHONEOS_DEPLOYMENT_TARGET = 17.0;
				MARKETING_VERSION = "$(inherited)";
				PRODUCT_BUNDLE_IDENTIFIER = com.lavasec.app.uitests;
				PRODUCT_NAME = "$(TARGET_NAME)";
				SWIFT_VERSION = 6.0;
				TARGETED_DEVICE_FAMILY = "1,2";
				TEST_TARGET_NAME = LavaSec;
			};
			name = Release;
		};
		1A000002000000000000B103 /* QA */ = {
			isa = XCBuildConfiguration;
			buildSettings = {
				CODE_SIGN_STYLE = Automatic;
				CURRENT_PROJECT_VERSION = 1;
				DEVELOPMENT_TEAM = "$(inherited)";
				GENERATE_INFOPLIST_FILE = YES;
				IPHONEOS_DEPLOYMENT_TARGET = 17.0;
				MARKETING_VERSION = "$(inherited)";
				PRODUCT_BUNDLE_IDENTIFIER = com.lavasec.dev.qa.uitests;
				PRODUCT_NAME = "$(TARGET_NAME)";
				SWIFT_ACTIVE_COMPILATION_CONDITIONS = "DEBUG LAVA_QA_TOOLS";
				SWIFT_VERSION = 6.0;
				TARGETED_DEVICE_FAMILY = "1,2";
				TEST_TARGET_NAME = LavaSec;
			};
			name = QA;
		};
		1A0000080000000000B001 /* Debug */ = {
			isa = XCBuildConfiguration;
			buildSettings = {
				APPLICATION_EXTENSION_API_ONLY = YES;
				CODE_SIGN_ENTITLEMENTS = LavaSecIntents/LavaSecIntents.entitlements;
				CODE_SIGN_STYLE = Automatic;
				CURRENT_PROJECT_VERSION = 1;
				DEVELOPMENT_TEAM = "$(inherited)";
				GENERATE_INFOPLIST_FILE = NO;
				INFOPLIST_FILE = LavaSecIntents/Info.plist;
				IPHONEOS_DEPLOYMENT_TARGET = 17.0;
				LD_RUNPATH_SEARCH_PATHS = (
					"$(inherited)",
					"@executable_path/Frameworks",
					"@executable_path/../../Frameworks",
				);
				MARKETING_VERSION = "$(inherited)";
				PRODUCT_BUNDLE_IDENTIFIER = com.lavasec.app.intents;
				PRODUCT_NAME = LavaSecIntents;
				SKIP_INSTALL = YES;
				SWIFT_EMIT_CONST_VALUE_PROTOCOLS = "AppIntent LiveActivityIntent EntityQuery AppEntity TransientEntity AppEnum AppShortcutProviding AppShortcutsProvider AnyResolverProviding AppIntentsPackage DynamicOptionsProvider _IntentValueRepresentable _AssistantIntentsProvider _GenerativeFunctionExtractable IntentValueQuery Resolver";
				SWIFT_VERSION = 6.0;
				TARGETED_DEVICE_FAMILY = "1,2";
			};
			name = Debug;
		};
		1A0000080000000000B002 /* Release */ = {
			isa = XCBuildConfiguration;
			buildSettings = {
				APPLICATION_EXTENSION_API_ONLY = YES;
				CODE_SIGN_ENTITLEMENTS = LavaSecIntents/LavaSecIntents.entitlements;
				CODE_SIGN_STYLE = Automatic;
				CURRENT_PROJECT_VERSION = 1;
				DEVELOPMENT_TEAM = "$(inherited)";
				GENERATE_INFOPLIST_FILE = NO;
				INFOPLIST_FILE = LavaSecIntents/Info.plist;
				IPHONEOS_DEPLOYMENT_TARGET = 17.0;
				LD_RUNPATH_SEARCH_PATHS = (
					"$(inherited)",
					"@executable_path/Frameworks",
					"@executable_path/../../Frameworks",
				);
				MARKETING_VERSION = "$(inherited)";
				PRODUCT_BUNDLE_IDENTIFIER = com.lavasec.app.intents;
				PRODUCT_NAME = LavaSecIntents;
				PROVISIONING_PROFILE_SPECIFIER = "$(LAVASEC_INTENTS_PROFILE)";
				SKIP_INSTALL = YES;
				SWIFT_ACTIVE_COMPILATION_CONDITIONS = RELEASE;
				SWIFT_EMIT_CONST_VALUE_PROTOCOLS = "AppIntent LiveActivityIntent EntityQuery AppEntity TransientEntity AppEnum AppShortcutProviding AppShortcutsProvider AnyResolverProviding AppIntentsPackage DynamicOptionsProvider _IntentValueRepresentable _AssistantIntentsProvider _GenerativeFunctionExtractable IntentValueQuery Resolver";
				SWIFT_VERSION = 6.0;
				TARGETED_DEVICE_FAMILY = "1,2";
			};
			name = Release;
		};
		1A0000080000000000B003 /* QA */ = {
			isa = XCBuildConfiguration;
			buildSettings = {
				APPLICATION_EXTENSION_API_ONLY = YES;
				CODE_SIGN_ENTITLEMENTS = LavaSecIntents/LavaSecIntents.entitlements;
				CODE_SIGN_STYLE = Automatic;
				CURRENT_PROJECT_VERSION = 1;
				DEVELOPMENT_TEAM = "$(inherited)";
				GENERATE_INFOPLIST_FILE = NO;
				INFOPLIST_FILE = LavaSecIntents/Info.plist;
				IPHONEOS_DEPLOYMENT_TARGET = 17.0;
				LD_RUNPATH_SEARCH_PATHS = (
					"$(inherited)",
					"@executable_path/Frameworks",
					"@executable_path/../../Frameworks",
				);
				MARKETING_VERSION = "$(inherited)";
				PRODUCT_BUNDLE_IDENTIFIER = com.lavasec.dev.qa.intents;
				PRODUCT_NAME = LavaSecIntents;
				SKIP_INSTALL = YES;
				SWIFT_ACTIVE_COMPILATION_CONDITIONS = DEBUG;
				SWIFT_EMIT_CONST_VALUE_PROTOCOLS = "AppIntent LiveActivityIntent EntityQuery AppEntity TransientEntity AppEnum AppShortcutProviding AppShortcutsProvider AnyResolverProviding AppIntentsPackage DynamicOptionsProvider _IntentValueRepresentable _AssistantIntentsProvider _GenerativeFunctionExtractable IntentValueQuery Resolver";
				SWIFT_VERSION = 6.0;
				TARGETED_DEVICE_FAMILY = "1,2";
			};
			name = QA;
		};
/* End XCBuildConfiguration section */

/* Begin XCConfigurationList section */
		1A000001000000000000A000 /* Build configuration list for PBXProject "LavaSec" */ = {
			isa = XCConfigurationList;
			buildConfigurations = (
				1A000001000000000000B001 /* Debug */,
				1A000001000000000000B002 /* Release */,
				1A000001000000000000B003 /* QA */,
			);
			defaultConfigurationIsVisible = 0;
			defaultConfigurationName = Release;
		};
		1A000001000000000000A001 /* Build configuration list for PBXNativeTarget "LavaSec" */ = {
			isa = XCConfigurationList;
			buildConfigurations = (
				1A000001000000000000B101 /* Debug */,
				1A000001000000000000B102 /* Release */,
				1A000001000000000000B103 /* QA */,
			);
			defaultConfigurationIsVisible = 0;
			defaultConfigurationName = Release;
		};
		1A000001000000000000A002 /* Build configuration list for PBXNativeTarget "LavaSecTunnel" */ = {
			isa = XCConfigurationList;
			buildConfigurations = (
				1A000001000000000000B201 /* Debug */,
				1A000001000000000000B202 /* Release */,
				1A000001000000000000B203 /* QA */,
			);
			defaultConfigurationIsVisible = 0;
			defaultConfigurationName = Release;
		};
		1A000003000000000000A003 /* Build configuration list for PBXNativeTarget "LavaSecWidget" */ = {
			isa = XCConfigurationList;
			buildConfigurations = (
				1A000003000000000000B301 /* Debug */,
				1A000003000000000000B302 /* Release */,
				1A000003000000000000B303 /* QA */,
			);
			defaultConfigurationIsVisible = 0;
			defaultConfigurationName = Release;
		};
		1A000002000000000000A001 /* Build configuration list for PBXNativeTarget "LavaSecUITests" */ = {
			isa = XCConfigurationList;
			buildConfigurations = (
				1A000002000000000000B101 /* Debug */,
				1A000002000000000000B102 /* Release */,
				1A000002000000000000B103 /* QA */,
			);
			defaultConfigurationIsVisible = 0;
			defaultConfigurationName = Release;
		};
		1A000008000000000000A001 /* Build configuration list for PBXNativeTarget "LavaSecIntents" */ = {
			isa = XCConfigurationList;
			buildConfigurations = (
				1A0000080000000000B001 /* Debug */,
				1A0000080000000000B002 /* Release */,
				1A0000080000000000B003 /* QA */,
			);
			defaultConfigurationIsVisible = 0;
			defaultConfigurationName = Release;
		};
/* End XCConfigurationList section */

/* Begin XCLocalSwiftPackageReference section */
		1A0000010000000000007001 /* XCLocalSwiftPackageReference "." */ = {
			isa = XCLocalSwiftPackageReference;
			relativePath = .;
		};
/* End XCLocalSwiftPackageReference section */

/* Begin XCRemoteSwiftPackageReference section */
		1A0000010000000000007005 /* XCRemoteSwiftPackageReference "GoogleSignIn-iOS" */ = {
			isa = XCRemoteSwiftPackageReference;
			repositoryURL = "https://github.com/google/GoogleSignIn-iOS";
			requirement = {
				kind = upToNextMajorVersion;
				minimumVersion = 9.1.0;
			};
		};
/* End XCRemoteSwiftPackageReference section */

/* Begin XCSwiftPackageProductDependency section */
		1A0000010000000000007002 /* LavaSecCore */ = {
			isa = XCSwiftPackageProductDependency;
			package = 1A0000010000000000007001 /* XCLocalSwiftPackageReference "." */;
			productName = LavaSecCore;
		};
			1A0000010000000000007003 /* LavaSecCore */ = {
				isa = XCSwiftPackageProductDependency;
				package = 1A0000010000000000007001 /* XCLocalSwiftPackageReference "." */;
				productName = LavaSecCore;
			};
			1A0000020000000000007006 /* LavaSecCore */ = {
				isa = XCSwiftPackageProductDependency;
				package = 1A0000010000000000007001 /* XCLocalSwiftPackageReference "." */;
				productName = LavaSecCore;
			};
			1A0000030000000000007007 /* LavaSecCore */ = {
				isa = XCSwiftPackageProductDependency;
				package = 1A0000010000000000007001 /* XCLocalSwiftPackageReference "." */;
				productName = LavaSecCore;
			};
			1A0000010000000000007004 /* GoogleSignIn */ = {
			isa = XCSwiftPackageProductDependency;
			package = 1A0000010000000000007005 /* XCRemoteSwiftPackageReference "GoogleSignIn-iOS" */;
			productName = GoogleSignIn;
		};
			1A0000080000000000007008 /* LavaSecCore */ = {
				isa = XCSwiftPackageProductDependency;
				package = 1A0000010000000000007001 /* XCLocalSwiftPackageReference "." */;
				productName = LavaSecCore;
			};
/* End XCSwiftPackageProductDependency section */
	};
	rootObject = 1A0000010000000000009001 /* Project object */;
}
